
Microsoft Visual Studio Solution File, Format Version 12.00
# Visual Studio Version 16
VisualStudioVersion = 16.0.31624.102
MinimumVisualStudioVersion = 10.0.40219.1
Project("{FAE04EC0-301F-11D3-BF4B-00C04F79EFBC}") = "LottoGenerator", "LottoGenerator\LottoGenerator.csproj", "{DFA000BF-D4F9-4E1F-9E02-733C7CEE7037}"
EndProject
Global
	GlobalSection(SolutionConfigurationPlatforms) = preSolution
		Debug|Any CPU = Debug|Any CPU
		Release|Any CPU = Release|Any CPU
	EndGlobalSection
	GlobalSection(ProjectConfigurationPlatforms) = postSolution
		{DFA000BF-D4F9-4E1F-9E02-733C7CEE7037}.Debug|Any CPU.ActiveCfg = Debug|Any CPU
		{DFA000BF-D4F9-4E1F-9E02-733C7CEE7037}.Debug|Any CPU.Build.0 = Debug|Any CPU
		{DFA000BF-D4F9-4E1F-9E02-733C7CEE7037}.Release|Any CPU.ActiveCfg = Release|Any CPU
		{DFA000BF-D4F9-4E1F-9E02-733C7CEE7037}.Release|Any CPU.Build.0 = Release|Any CPU
	EndGlobalSection
	GlobalSection(SolutionProperties) = preSolution
		HideSolutionNode = FALSE
	EndGlobalSection
	GlobalSection(ExtensibilityGlobals) = postSolution
		SolutionGuid = {E4A3E63A-5402-4A7B-A264-B8EF32C521B3}
	EndGlobalSection
EndGlobal
